
Microsoft Visual Studio Solution File, Format Version 12.00
# Visual Studio Version 17
VisualStudioVersion = 17.5.002.0
MinimumVisualStudioVersion = 10.0.40219.1
Project("{2150E333-8FDC-42A3-9474-1A3956D46DE8}") = "csharp-prep", "csharp-prep", "{60C7388B-ED65-4856-A8C1-B7778A9F4D6D}"
EndProject
Project("{9A19103F-16F7-4668-BE54-9A1E7A4F7556}") = "Prep1", "csharp-prep\Prep1\Prep1.csproj", "{48F6BD99-8294-44FF-8EF2-5D35A8BFF501}"
EndProject
Project("{9A19103F-16F7-4668-BE54-9A1E7A4F7556}") = "Prep2", "csharp-prep\Prep2\Prep2.csproj", "{9F2FB1F6-66C7-42EF-99F0-2E42004ADA04}"
EndProject
Project("{9A19103F-16F7-4668-BE54-9A1E7A4F7556}") = "Prep3", "csharp-prep\Prep3\Prep3.csproj", "{B2F0C3AC-40B5-4889-95D2-F89333682BAD}"
EndProject
Project("{9A19103F-16F7-4668-BE54-9A1E7A4F7556}") = "Prep4", "csharp-prep\Prep4\Prep4.csproj", "{D83B1FE0-D400-4296-9904-D245E60C1320}"
EndProject
Project("{9A19103F-16F7-4668-BE54-9A1E7A4F7556}") = "Prep5", "csharp-prep\Prep5\Prep5.csproj", "{4194D057-18F4-40CC-84B5-5EA9BD2CF1FD}"
EndProject
Project("{2150E333-8FDC-42A3-9474-1A3956D46DE8}") = "final", "final", "{6224BA97-F80D-40B6-91C3-CF08A176662C}"
EndProject
Project("{9A19103F-16F7-4668-BE54-9A1E7A4F7556}") = "FinalProject", "final\FinalProject\FinalProject.csproj", "{DC87DDA2-C136-4C54-AB57-1B6A62D99A76}"
EndProject
Project("{9A19103F-16F7-4668-BE54-9A1E7A4F7556}") = "Foundation1", "final\Foundation1\Foundation1.csproj", "{7F9DB057-EFC3-4378-8C9A-00B058358064}"
EndProject
Project("{9A19103F-16F7-4668-BE54-9A1E7A4F7556}") = "Foundation2", "final\Foundation2\Foundation2.csproj", "{E35C7B64-F625-4F76-8463-B66D4E5B4898}"
EndProject
Project("{9A19103F-16F7-4668-BE54-9A1E7A4F7556}") = "Foundation3", "final\Foundation3\Foundation3.csproj", "{FF60346D-F5E3-48B6-9702-9BC9BC6F7CA7}"
EndProject
Project("{9A19103F-16F7-4668-BE54-9A1E7A4F7556}") = "Foundation4", "final\Foundation4\Foundation4.csproj", "{2C6AFCEA-8295-4A92-BFAB-C313D6B766F7}"
EndProject
Project("{2150E333-8FDC-42A3-9474-1A3956D46DE8}") = "prepare", "prepare", "{A10A1657-5BE6-442E-87BC-DA87168897EA}"
EndProject
Project("{9A19103F-16F7-4668-BE54-9A1E7A4F7556}") = "Learning02", "prepare\Learning02\Learning02.csproj", "{447CBC3F-A4E7-4ADC-93A9-70E8FA7FAFA1}"
EndProject
Project("{9A19103F-16F7-4668-BE54-9A1E7A4F7556}") = "Learning03", "prepare\Learning03\Learning03.csproj", "{2D58CDB4-F38B-486C-BDE9-AE8229534332}"
EndProject
Project("{9A19103F-16F7-4668-BE54-9A1E7A4F7556}") = "Learning04", "prepare\Learning04\Learning04.csproj", "{91A334AE-3253-4907-B381-714AD4B38C7B}"
EndProject
Project("{9A19103F-16F7-4668-BE54-9A1E7A4F7556}") = "Learning05", "prepare\Learning05\Learning05.csproj", "{4E662EDA-9CA2-46D5-9232-2924DA742383}"
EndProject
Project("{2150E333-8FDC-42A3-9474-1A3956D46DE8}") = "prove", "prove", "{B5A743B7-275D-42ED-ABC0-5E781CA0CE25}"
EndProject
Project("{9A19103F-16F7-4668-BE54-9A1E7A4F7556}") = "Develop02", "prove\Develop02\Develop02.csproj", "{3AD7D47D-C5F0-4C20-84A7-2C8F63435A85}"
EndProject
Project("{9A19103F-16F7-4668-BE54-9A1E7A4F7556}") = "Develop03", "prove\Develop03\Develop03.csproj", "{11DAA3A1-55ED-4236-9FEA-569679D37D7B}"
EndProject
Project("{9A19103F-16F7-4668-BE54-9A1E7A4F7556}") = "Develop04", "prove\Develop04\Develop04.csproj", "{CEDE9544-0F69-47B5-92E9-40168B5EA9EF}"
EndProject
Project("{9A19103F-16F7-4668-BE54-9A1E7A4F7556}") = "Develop05", "prove\Develop05\Develop05.csproj", "{D6327507-A52F-48FD-A8DE-65AF0E7B801A}"
EndProject
Project("{2150E333-8FDC-42A3-9474-1A3956D46DE8}") = "sandbox", "sandbox", "{F2901E60-9FF4-4F60-8C9E-3DF1207DA153}"
EndProject
Project("{9A19103F-16F7-4668-BE54-9A1E7A4F7556}") = "Sandbox", "sandbox\Sandbox\Sandbox.csproj", "{525D574A-6125-4225-89B9-2FF4B7F390C2}"
EndProject
Global
	GlobalSection(SolutionConfigurationPlatforms) = preSolution
		Debug|Any CPU = Debug|Any CPU
		Release|Any CPU = Release|Any CPU
	EndGlobalSection
	GlobalSection(ProjectConfigurationPlatforms) = postSolution
		{48F6BD99-8294-44FF-8EF2-5D35A8BFF501}.Debug|Any CPU.ActiveCfg = Debug|Any CPU
		{48F6BD99-8294-44FF-8EF2-5D35A8BFF501}.Debug|Any CPU.Build.0 = Debug|Any CPU
		{48F6BD99-8294-44FF-8EF2-5D35A8BFF501}.Release|Any CPU.ActiveCfg = Release|Any CPU
		{48F6BD99-8294-44FF-8EF2-5D35A8BFF501}.Release|Any CPU.Build.0 = Release|Any CPU
		{9F2FB1F6-66C7-42EF-99F0-2E42004ADA04}.Debug|Any CPU.ActiveCfg = Debug|Any CPU
		{9F2FB1F6-66C7-42EF-99F0-2E42004ADA04}.Debug|Any CPU.Build.0 = Debug|Any CPU
		{9F2FB1F6-66C7-42EF-99F0-2E42004ADA04}.Release|Any CPU.ActiveCfg = Release|Any CPU
		{9F2FB1F6-66C7-42EF-99F0-2E42004ADA04}.Release|Any CPU.Build.0 = Release|Any CPU
		{B2F0C3AC-40B5-4889-95D2-F89333682BAD}.Debug|Any CPU.ActiveCfg = Debug|Any CPU
		{B2F0C3AC-40B5-4889-95D2-F89333682BAD}.Debug|Any CPU.Build.0 = Debug|Any CPU
		{B2F0C3AC-40B5-4889-95D2-F89333682BAD}.Release|Any CPU.ActiveCfg = Release|Any CPU
		{B2F0C3AC-40B5-4889-95D2-F89333682BAD}.Release|Any CPU.Build.0 = Release|Any CPU
		{D83B1FE0-D400-4296-9904-D245E60C1320}.Debug|Any CPU.ActiveCfg = Debug|Any CPU
		{D83B1FE0-D400-4296-9904-D245E60C1320}.Debug|Any CPU.Build.0 = Debug|Any CPU
		{D83B1FE0-D400-4296-9904-D245E60C1320}.Release|Any CPU.ActiveCfg = Release|Any CPU
		{D83B1FE0-D400-4296-9904-D245E60C1320}.Release|Any CPU.Build.0 = Release|Any CPU
		{4194D057-18F4-40CC-84B5-5EA9BD2CF1FD}.Debug|Any CPU.ActiveCfg = Debug|Any CPU
		{4194D057-18F4-40CC-84B5-5EA9BD2CF1FD}.Debug|Any CPU.Build.0 = Debug|Any CPU
		{4194D057-18F4-40CC-84B5-5EA9BD2CF1FD}.Release|Any CPU.ActiveCfg = Release|Any CPU
		{4194D057-18F4-40CC-84B5-5EA9BD2CF1FD}.Release|Any CPU.Build.0 = Release|Any CPU
		{DC87DDA2-C136-4C54-AB57-1B6A62D99A76}.Debug|Any CPU.ActiveCfg = Debug|Any CPU
		{DC87DDA2-C136-4C54-AB57-1B6A62D99A76}.Debug|Any CPU.Build.0 = Debug|Any CPU
		{DC87DDA2-C136-4C54-AB57-1B6A62D99A76}.Release|Any CPU.ActiveCfg = Release|Any CPU
		{DC87DDA2-C136-4C54-AB57-1B6A62D99A76}.Release|Any CPU.Build.0 = Release|Any CPU
		{7F9DB057-EFC3-4378-8C9A-00B058358064}.Debug|Any CPU.ActiveCfg = Debug|Any CPU
		{7F9DB057-EFC3-4378-8C9A-00B058358064}.Debug|Any CPU.Build.0 = Debug|Any CPU
		{7F9DB057-EFC3-4378-8C9A-00B058358064}.Release|Any CPU.ActiveCfg = Release|Any CPU
		{7F9DB057-EFC3-4378-8C9A-00B058358064}.Release|Any CPU.Build.0 = Release|Any CPU
		{E35C7B64-F625-4F76-8463-B66D4E5B4898}.Debug|Any CPU.ActiveCfg = Debug|Any CPU
		{E35C7B64-F625-4F76-8463-B66D4E5B4898}.Debug|Any CPU.Build.0 = Debug|Any CPU
		{E35C7B64-F625-4F76-8463-B66D4E5B4898}.Release|Any CPU.ActiveCfg = Release|Any CPU
		{E35C7B64-F625-4F76-8463-B66D4E5B4898}.Release|Any CPU.Build.0 = Release|Any CPU
		{FF60346D-F5E3-48B6-9702-9BC9BC6F7CA7}.Debug|Any CPU.ActiveCfg = Debug|Any CPU
		{FF60346D-F5E3-48B6-9702-9BC9BC6F7CA7}.Debug|Any CPU.Build.0 = Debug|Any CPU
		{FF60346D-F5E3-48B6-9702-9BC9BC6F7CA7}.Release|Any CPU.ActiveCfg = Release|Any CPU
		{FF60346D-F5E3-48B6-9702-9BC9BC6F7CA7}.Release|Any CPU.Build.0 = Release|Any CPU
		{2C6AFCEA-8295-4A92-BFAB-C313D6B766F7}.Debug|Any CPU.ActiveCfg = Debug|Any CPU
		{2C6AFCEA-8295-4A92-BFAB-C313D6B766F7}.Debug|Any CPU.Build.0 = Debug|Any CPU
		{2C6AFCEA-8295-4A92-BFAB-C313D6B766F7}.Release|Any CPU.ActiveCfg = Release|Any CPU
		{2C6AFCEA-8295-4A92-BFAB-C313D6B766F7}.Release|Any CPU.Build.0 = Release|Any CPU
		{447CBC3F-A4E7-4ADC-93A9-70E8FA7FAFA1}.Debug|Any CPU.ActiveCfg = Debug|Any CPU
		{447CBC3F-A4E7-4ADC-93A9-70E8FA7FAFA1}.Debug|Any CPU.Build.0 = Debug|Any CPU
		{447CBC3F-A4E7-4ADC-93A9-70E8FA7FAFA1}.Release|Any CPU.ActiveCfg = Release|Any CPU
		{447CBC3F-A4E7-4ADC-93A9-70E8FA7FAFA1}.Release|Any CPU.Build.0 = Release|Any CPU
		{2D58CDB4-F38B-486C-BDE9-AE8229534332}.Debug|Any CPU.ActiveCfg = Debug|Any CPU
		{2D58CDB4-F38B-486C-BDE9-AE8229534332}.Debug|Any CPU.Build.0 = Debug|Any CPU
		{2D58CDB4-F38B-486C-BDE9-AE8229534332}.Release|Any CPU.ActiveCfg = Release|Any CPU
		{2D58CDB4-F38B-486C-BDE9-AE8229534332}.Release|Any CPU.Build.0 = Release|Any CPU
		{91A334AE-3253-4907-B381-714AD4B38C7B}.Debug|Any CPU.ActiveCfg = Debug|Any CPU
		{91A334AE-3253-4907-B381-714AD4B38C7B}.Debug|Any CPU.Build.0 = Debug|Any CPU
		{91A334AE-3253-4907-B381-714AD4B38C7B}.Release|Any CPU.ActiveCfg = Release|Any CPU
		{91A334AE-3253-4907-B381-714AD4B38C7B}.Release|Any CPU.Build.0 = Release|Any CPU
		{4E662EDA-9CA2-46D5-9232-2924DA742383}.Debug|Any CPU.ActiveCfg = Debug|Any CPU
		{4E662EDA-9CA2-46D5-9232-2924DA742383}.Debug|Any CPU.Build.0 = Debug|Any CPU
		{4E662EDA-9CA2-46D5-9232-2924DA742383}.Release|Any CPU.ActiveCfg = Release|Any CPU
		{4E662EDA-9CA2-46D5-9232-2924DA742383}.Release|Any CPU.Build.0 = Release|Any CPU
		{3AD7D47D-C5F0-4C20-84A7-2C8F63435A85}.Debug|Any CPU.ActiveCfg = Debug|Any CPU
		{3AD7D47D-C5F0-4C20-84A7-2C8F63435A85}.Debug|Any CPU.Build.0 = Debug|Any CPU
		{3AD7D47D-C5F0-4C20-84A7-2C8F63435A85}.Release|Any CPU.ActiveCfg = Release|Any CPU
		{3AD7D47D-C5F0-4C20-84A7-2C8F63435A85}.Release|Any CPU.Build.0 = Release|Any CPU
		{11DAA3A1-55ED-4236-9FEA-569679D37D7B}.Debug|Any CPU.ActiveCfg = Debug|Any CPU
		{11DAA3A1-55ED-4236-9FEA-569679D37D7B}.Debug|Any CPU.Build.0 = Debug|Any CPU
		{11DAA3A1-55ED-4236-9FEA-569679D37D7B}.Release|Any CPU.ActiveCfg = Release|Any CPU
		{11DAA3A1-55ED-4236-9FEA-569679D37D7B}.Release|Any CPU.Build.0 = Release|Any CPU
		{CEDE9544-0F69-47B5-92E9-40168B5EA9EF}.Debug|Any CPU.ActiveCfg = Debug|Any CPU
		{CEDE9544-0F69-47B5-92E9-40168B5EA9EF}.Debug|Any CPU.Build.0 = Debug|Any CPU
		{CEDE9544-0F69-47B5-92E9-40168B5EA9EF}.Release|Any CPU.ActiveCfg = Release|Any CPU
		{CEDE9544-0F69-47B5-92E9-40168B5EA9EF}.Release|Any CPU.Build.0 = Release|Any CPU
		{D6327507-A52F-48FD-A8DE-65AF0E7B801A}.Debug|Any CPU.ActiveCfg = Debug|Any CPU
		{D6327507-A52F-48FD-A8DE-65AF0E7B801A}.Debug|Any CPU.Build.0 = Debug|Any CPU
		{D6327507-A52F-48FD-A8DE-65AF0E7B801A}.Release|Any CPU.ActiveCfg = Release|Any CPU
		{D6327507-A52F-48FD-A8DE-65AF0E7B801A}.Release|Any CPU.Build.0 = Release|Any CPU
		{525D574A-6125-4225-89B9-2FF4B7F390C2}.Debug|Any CPU.ActiveCfg = Debug|Any CPU
		{525D574A-6125-4225-89B9-2FF4B7F390C2}.Debug|Any CPU.Build.0 = Debug|Any CPU
		{525D574A-6125-4225-89B9-2FF4B7F390C2}.Release|Any CPU.ActiveCfg = Release|Any CPU
		{525D574A-6125-4225-89B9-2FF4B7F390C2}.Release|Any CPU.Build.0 = Release|Any CPU
	EndGlobalSection
	GlobalSection(SolutionProperties) = preSolution
		HideSolutionNode = FALSE
	EndGlobalSection
	GlobalSection(NestedProjects) = preSolution
		{48F6BD99-8294-44FF-8EF2-5D35A8BFF501} = {60C7388B-ED65-4856-A8C1-B7778A9F4D6D}
		{9F2FB1F6-66C7-42EF-99F0-2E42004ADA04} = {60C7388B-ED65-4856-A8C1-B7778A9F4D6D}
		{B2F0C3AC-40B5-4889-95D2-F89333682BAD} = {60C7388B-ED65-4856-A8C1-B7778A9F4D6D}
		{D83B1FE0-D400-4296-9904-D245E60C1320} = {60C7388B-ED65-4856-A8C1-B7778A9F4D6D}
		{4194D057-18F4-40CC-84B5-5EA9BD2CF1FD} = {60C7388B-ED65-4856-A8C1-B7778A9F4D6D}
		{DC87DDA2-C136-4C54-AB57-1B6A62D99A76} = {6224BA97-F80D-40B6-91C3-CF08A176662C}
		{7F9DB057-EFC3-4378-8C9A-00B058358064} = {6224BA97-F80D-40B6-91C3-CF08A176662C}
		{E35C7B64-F625-4F76-8463-B66D4E5B4898} = {6224BA97-F80D-40B6-91C3-CF08A176662C}
		{FF60346D-F5E3-48B6-9702-9BC9BC6F7CA7} = {6224BA97-F80D-40B6-91C3-CF08A176662C}
		{2C6AFCEA-8295-4A92-BFAB-C313D6B766F7} = {6224BA97-F80D-40B6-91C3-CF08A176662C}
		{447CBC3F-A4E7-4ADC-93A9-70E8FA7FAFA1} = {A10A1657-5BE6-442E-87BC-DA87168897EA}
		{2D58CDB4-F38B-486C-BDE9-AE8229534332} = {A10A1657-5BE6-442E-87BC-DA87168897EA}
		{91A334AE-3253-4907-B381-714AD4B38C7B} = {A10A1657-5BE6-442E-87BC-DA87168897EA}
		{4E662EDA-9CA2-46D5-9232-2924DA742383} = {A10A1657-5BE6-442E-87BC-DA87168897EA}
		{3AD7D47D-C5F0-4C20-84A7-2C8F63435A85} = {B5A743B7-275D-42ED-ABC0-5E781CA0CE25}
		{11DAA3A1-55ED-4236-9FEA-569679D37D7B} = {B5A743B7-275D-42ED-ABC0-5E781CA0CE25}
		{CEDE9544-0F69-47B5-92E9-40168B5EA9EF} = {B5A743B7-275D-42ED-ABC0-5E781CA0CE25}
		{D6327507-A52F-48FD-A8DE-65AF0E7B801A} = {B5A743B7-275D-42ED-ABC0-5E781CA0CE25}
		{525D574A-6125-4225-89B9-2FF4B7F390C2} = {F2901E60-9FF4-4F60-8C9E-3DF1207DA153}
	EndGlobalSection
	GlobalSection(ExtensibilityGlobals) = postSolution
		SolutionGuid = {F41AFAF2-94F8-4AB5-A4B1-7621F280AE96}
	EndGlobalSection
EndGlobal
